// !$*UTF8*$!
{
	archiveVersion = 1;
	classes = {
	};
	objectVersion = 46;
	objects = {

/* Begin PBXBuildFile section */
		654C42FF1F66A88400FB2A26 /* GameOverScene.sks in Resources */ = {isa = PBXBuildFile; fileRef = 654C42FB1F66A88400FB2A26 /* GameOverScene.sks */; };
		654C43001F66A88400FB2A26 /* GameOverScene.swift in Sources */ = {isa = PBXBuildFile; fileRef = 654C42FC1F66A88400FB2A26 /* GameOverScene.swift */; };
		654C43011F66A88400FB2A26 /* StartScene.sks in Resources */ = {isa = PBXBuildFile; fileRef = 654C42FD1F66A88400FB2A26 /* StartScene.sks */; };
		654C43021F66A88400FB2A26 /* StartScene.swift in Sources */ = {isa = PBXBuildFile; fileRef = 654C42FE1F66A88400FB2A26 /* StartScene.swift */; };
		654C43071F66A9D100FB2A26 /* ScrollingBackground.swift in Sources */ = {isa = PBXBuildFile; fileRef = 654C43061F66A9D100FB2A26 /* ScrollingBackground.swift */; };
		654C43091F66E40700FB2A26 /* GameHandler.swift in Sources */ = {isa = PBXBuildFile; fileRef = 654C43081F66E40700FB2A26 /* GameHandler.swift */; };
		65A143BC1F65AB62008EDF6E /* Pulse.sks in Resources */ = {isa = PBXBuildFile; fileRef = 65A143BB1F65AB62008EDF6E /* Pulse.sks */; };
		65A143C01F65D3F7008EDF6E /* GameFunctions.swift in Sources */ = {isa = PBXBuildFile; fileRef = 65A143BF1F65D3F7008EDF6E /* GameFunctions.swift */; };
		65A143C21F65D3FE008EDF6E /* GameElements.swift in Sources */ = {isa = PBXBuildFile; fileRef = 65A143C11F65D3FE008EDF6E /* GameElements.swift */; };
		65A143C41F66122C008EDF6E /* Fireworks.sks in Resources */ = {isa = PBXBuildFile; fileRef = 65A143C31F66122C008EDF6E /* Fireworks.sks */; };
		65FC9B551F58612000ABB9AC /* AppDelegate.swift in Sources */ = {isa = PBXBuildFile; fileRef = 65FC9B541F58612000ABB9AC /* AppDelegate.swift */; };
		65FC9B571F58612000ABB9AC /* GameScene.sks in Resources */ = {isa = PBXBuildFile; fileRef = 65FC9B561F58612000ABB9AC /* GameScene.sks */; };
		65FC9B591F58612000ABB9AC /* Actions.sks in Resources */ = {isa = PBXBuildFile; fileRef = 65FC9B581F58612000ABB9AC /* Actions.sks */; };
		65FC9B5B1F58612000ABB9AC /* GameScene.swift in Sources */ = {isa = PBXBuildFile; fileRef = 65FC9B5A1F58612000ABB9AC /* GameScene.swift */; };
		65FC9B5D1F58612000ABB9AC /* GameViewController.swift in Sources */ = {isa = PBXBuildFile; fileRef = 65FC9B5C1F58612000ABB9AC /* GameViewController.swift */; };
		65FC9B621F58612000ABB9AC /* Assets.xcassets in Resources */ = {isa = PBXBuildFile; fileRef = 65FC9B611F58612000ABB9AC /* Assets.xcassets */; };
		65FC9B651F58612000ABB9AC /* LaunchScreen.storyboard in Resources */ = {isa = PBXBuildFile; fileRef = 65FC9B631F58612000ABB9AC /* LaunchScreen.storyboard */; };
		65FC9B6D1F58617A00ABB9AC /* Sounds in Resources */ = {isa = PBXBuildFile; fileRef = 65FC9B6C1F58617A00ABB9AC /* Sounds */; };
/* End PBXBuildFile section */

/* Begin PBXFileReference section */
		654C42FB1F66A88400FB2A26 /* GameOverScene.sks */ = {isa = PBXFileReference; lastKnownFileType = file.sks; path = GameOverScene.sks; sourceTree = "<group>"; };
		654C42FC1F66A88400FB2A26 /* GameOverScene.swift */ = {isa = PBXFileReference; fileEncoding = 4; lastKnownFileType = sourcecode.swift; path = GameOverScene.swift; sourceTree = "<group>"; };
		654C42FD1F66A88400FB2A26 /* StartScene.sks */ = {isa = PBXFileReference; lastKnownFileType = file.sks; path = StartScene.sks; sourceTree = "<group>"; };
		654C42FE1F66A88400FB2A26 /* StartScene.swift */ = {isa = PBXFileReference; fileEncoding = 4; lastKnownFileType = sourcecode.swift; path = StartScene.swift; sourceTree = "<group>"; };
		654C43061F66A9D100FB2A26 /* ScrollingBackground.swift */ = {isa = PBXFileReference; fileEncoding = 4; lastKnownFileType = sourcecode.swift; path = ScrollingBackground.swift; sourceTree = "<group>"; };
		654C43081F66E40700FB2A26 /* GameHandler.swift */ = {isa = PBXFileReference; fileEncoding = 4; lastKnownFileType = sourcecode.swift; path = GameHandler.swift; sourceTree = "<group>"; };
		65A143BB1F65AB62008EDF6E /* Pulse.sks */ = {isa = PBXFileReference; lastKnownFileType = file.sks; path = Pulse.sks; sourceTree = "<group>"; };
		65A143BF1F65D3F7008EDF6E /* GameFunctions.swift */ = {isa = PBXFileReference; fileEncoding = 4; lastKnownFileType = sourcecode.swift; path = GameFunctions.swift; sourceTree = "<group>"; };
		65A143C11F65D3FE008EDF6E /* GameElements.swift */ = {isa = PBXFileReference; fileEncoding = 4; lastKnownFileType = sourcecode.swift; path = GameElements.swift; sourceTree = "<group>"; };
		65A143C31F66122C008EDF6E /* Fireworks.sks */ = {isa = PBXFileReference; lastKnownFileType = file.sks; path = Fireworks.sks; sourceTree = "<group>"; };
		65FC9B511F58612000ABB9AC /* Colour Trek.app */ = {isa = PBXFileReference; explicitFileType = wrapper.application; includeInIndex = 0; path = "Colour Trek.app"; sourceTree = BUILT_PRODUCTS_DIR; };
		65FC9B541F58612000ABB9AC /* AppDelegate.swift */ = {isa = PBXFileReference; lastKnownFileType = sourcecode.swift; path = AppDelegate.swift; sourceTree = "<group>"; };
		65FC9B561F58612000ABB9AC /* GameScene.sks */ = {isa = PBXFileReference; lastKnownFileType = file.sks; path = GameScene.sks; sourceTree = "<group>"; };
		65FC9B581F58612000ABB9AC /* Actions.sks */ = {isa = PBXFileReference; lastKnownFileType = file.sks; path = Actions.sks; sourceTree = "<group>"; };
		65FC9B5A1F58612000ABB9AC /* GameScene.swift */ = {isa = PBXFileReference; lastKnownFileType = sourcecode.swift; path = GameScene.swift; sourceTree = "<group>"; };
		65FC9B5C1F58612000ABB9AC /* GameViewController.swift */ = {isa = PBXFileReference; lastKnownFileType = sourcecode.swift; path = GameViewController.swift; sourceTree = "<group>"; };
		65FC9B611F58612000ABB9AC /* Assets.xcassets */ = {isa = PBXFileReference; lastKnownFileType = folder.assetcatalog; path = Assets.xcassets; sourceTree = "<group>"; };
		65FC9B641F58612000ABB9AC /* Base */ = {isa = PBXFileReference; lastKnownFileType = file.storyboard; name = Base; path = Base.lproj/LaunchScreen.storyboard; sourceTree = "<group>"; };
		65FC9B661F58612000ABB9AC /* Info.plist */ = {isa = PBXFileReference; lastKnownFileType = text.plist.xml; path = Info.plist; sourceTree = "<group>"; };
		65FC9B6C1F58617A00ABB9AC /* Sounds */ = {isa = PBXFileReference; lastKnownFileType = folder; path = Sounds; sourceTree = "<group>"; };
/* End PBXFileReference section */

/* Begin PBXFrameworksBuildPhase section */
		65FC9B4E1F58612000ABB9AC /* Frameworks */ = {
			isa = PBXFrameworksBuildPhase;
			buildActionMask = 2147483647;
			files = (
			);
			runOnlyForDeploymentPostprocessing = 0;
		};
/* End PBXFrameworksBuildPhase section */

/* Begin PBXGroup section */
		654C43031F66A89700FB2A26 /* Particles */ = {
			isa = PBXGroup;
			children = (
				65A143C31F66122C008EDF6E /* Fireworks.sks */,
				65A143BB1F65AB62008EDF6E /* Pulse.sks */,
			);
			name = Particles;
			sourceTree = "<group>";
		};
		654C43041F66A8AA00FB2A26 /* Scenes */ = {
			isa = PBXGroup;
			children = (
				65FC9B561F58612000ABB9AC /* GameScene.sks */,
				654C42FD1F66A88400FB2A26 /* StartScene.sks */,
				654C42FB1F66A88400FB2A26 /* GameOverScene.sks */,
			);
			name = Scenes;
			sourceTree = "<group>";
		};
		654C43051F66A8E800FB2A26 /* Swift */ = {
			isa = PBXGroup;
			children = (
				65FC9B5A1F58612000ABB9AC /* GameScene.swift */,
				654C42FE1F66A88400FB2A26 /* StartScene.swift */,
				654C42FC1F66A88400FB2A26 /* GameOverScene.swift */,
				65A143C11F65D3FE008EDF6E /* GameElements.swift */,
				65A143BF1F65D3F7008EDF6E /* GameFunctions.swift */,
				654C43061F66A9D100FB2A26 /* ScrollingBackground.swift */,
				654C43081F66E40700FB2A26 /* GameHandler.swift */,
			);
			name = Swift;
			sourceTree = "<group>";
		};
		65FC9B481F58612000ABB9AC = {
			isa = PBXGroup;
			children = (
				65FC9B531F58612000ABB9AC /* Colour Trek */,
				65FC9B521F58612000ABB9AC /* Products */,
			);
			sourceTree = "<group>";
		};
		65FC9B521F58612000ABB9AC /* Products */ = {
			isa = PBXGroup;
			children = (
				65FC9B511F58612000ABB9AC /* Colour Trek.app */,
			);
			name = Products;
			sourceTree = "<group>";
		};
		65FC9B531F58612000ABB9AC /* Colour Trek */ = {
			isa = PBXGroup;
			children = (
				654C43041F66A8AA00FB2A26 /* Scenes */,
				654C43051F66A8E800FB2A26 /* Swift */,
				65FC9B541F58612000ABB9AC /* AppDelegate.swift */,
				65FC9B581F58612000ABB9AC /* Actions.sks */,
				654C43031F66A89700FB2A26 /* Particles */,
				65FC9B5C1F58612000ABB9AC /* GameViewController.swift */,
				65FC9B6C1F58617A00ABB9AC /* Sounds */,
				65FC9B611F58612000ABB9AC /* Assets.xcassets */,
				65FC9B631F58612000ABB9AC /* LaunchScreen.storyboard */,
				65FC9B661F58612000ABB9AC /* Info.plist */,
			);
			path = "Colour Trek";
			sourceTree = "<group>";
		};
/* End PBXGroup section */

/* Begin PBXNativeTarget section */
		65FC9B501F58612000ABB9AC /* Colour Trek */ = {
			isa = PBXNativeTarget;
			buildConfigurationList = 65FC9B691F58612000ABB9AC /* Build configuration list for PBXNativeTarget "Colour Trek" */;
			buildPhases = (
				65FC9B4D1F58612000ABB9AC /* Sources */,
				65FC9B4E1F58612000ABB9AC /* Frameworks */,
				65FC9B4F1F58612000ABB9AC /* Resources */,
			);
			buildRules = (
			);
			dependencies = (
			);
			name = "Colour Trek";
			productName = "Colour Trek";
			productReference = 65FC9B511F58612000ABB9AC /* Colour Trek.app */;
			productType = "com.apple.product-type.application";
		};
/* End PBXNativeTarget section */

/* Begin PBXProject section */
		65FC9B491F58612000ABB9AC /* Project object */ = {
			isa = PBXProject;
			attributes = {
				LastSwiftUpdateCheck = 0830;
				LastUpgradeCheck = 0830;
				ORGANIZATIONNAME = "Rogue Studios";
				TargetAttributes = {
					65FC9B501F58612000ABB9AC = {
						CreatedOnToolsVersion = 8.3.3;
						DevelopmentTeam = 2T3457P6TK;
						ProvisioningStyle = Automatic;
					};
				};
			};
			buildConfigurationList = 65FC9B4C1F58612000ABB9AC /* Build configuration list for PBXProject "Colour Trek" */;
			compatibilityVersion = "Xcode 3.2";
			developmentRegion = English;
			hasScannedForEncodings = 0;
			knownRegions = (
				en,
				Base,
			);
			mainGroup = 65FC9B481F58612000ABB9AC;
			productRefGroup = 65FC9B521F58612000ABB9AC /* Products */;
			projectDirPath = "";
			projectRoot = "";
			targets = (
				65FC9B501F58612000ABB9AC /* Colour Trek */,
			);
		};
/* End PBXProject section */

/* Begin PBXResourcesBuildPhase section */
		65FC9B4F1F58612000ABB9AC /* Resources */ = {
			isa = PBXResourcesBuildPhase;
			buildActionMask = 2147483647;
			files = (
				65A143C41F66122C008EDF6E /* Fireworks.sks in Resources */,
				65FC9B6D1F58617A00ABB9AC /* Sounds in Resources */,
				654C43011F66A88400FB2A26 /* StartScene.sks in Resources */,
				65FC9B571F58612000ABB9AC /* GameScene.sks in Resources */,
				65A143BC1F65AB62008EDF6E /* Pulse.sks in Resources */,
				65FC9B621F58612000ABB9AC /* Assets.xcassets in Resources */,
				65FC9B651F58612000ABB9AC /* LaunchScreen.storyboard in Resources */,
				654C42FF1F66A88400FB2A26 /* GameOverScene.sks in Resources */,
				65FC9B591F58612000ABB9AC /* Actions.sks in Resources */,
			);
			runOnlyForDeploymentPostprocessing = 0;
		};
/* End PBXResourcesBuildPhase section */

/* Begin PBXSourcesBuildPhase section */
		65FC9B4D1F58612000ABB9AC /* Sources */ = {
			isa = PBXSourcesBuildPhase;
			buildActionMask = 2147483647;
			files = (
				65A143C21F65D3FE008EDF6E /* GameElements.swift in Sources */,
				654C43071F66A9D100FB2A26 /* ScrollingBackground.swift in Sources */,
				654C43021F66A88400FB2A26 /* StartScene.swift in Sources */,
				65FC9B5B1F58612000ABB9AC /* GameScene.swift in Sources */,
				65A143C01F65D3F7008EDF6E /* GameFunctions.swift in Sources */,
				654C43091F66E40700FB2A26 /* GameHandler.swift in Sources */,
				65FC9B5D1F58612000ABB9AC /* GameViewController.swift in Sources */,
				654C43001F66A88400FB2A26 /* GameOverScene.swift in Sources */,
				65FC9B551F58612000ABB9AC /* AppDelegate.swift in Sources */,
			);
			runOnlyForDeploymentPostprocessing = 0;
		};
/* End PBXSourcesBuildPhase section */

/* Begin PBXVariantGroup section */
		65FC9B631F58612000ABB9AC /* LaunchScreen.storyboard */ = {
			isa = PBXVariantGroup;
			children = (
				65FC9B641F58612000ABB9AC /* Base */,
			);
			name = LaunchScreen.storyboard;
			sourceTree = "<group>";
		};
/* End PBXVariantGroup section */

/* Begin XCBuildConfiguration section */
		65FC9B671F58612000ABB9AC /* Debug */ = {
			isa = XCBuildConfiguration;
			buildSettings = {
				ALWAYS_SEARCH_USER_PATHS = NO;
				CLANG_ANALYZER_NONNULL = YES;
				CLANG_ANALYZER_NUMBER_OBJECT_CONVERSION = YES_AGGRESSIVE;
				CLANG_CXX_LANGUAGE_STANDARD = "gnu++0x";
				CLANG_CXX_LIBRARY = "libc++";
				CLANG_ENABLE_MODULES = YES;
				CLANG_ENABLE_OBJC_ARC = YES;
				CLANG_WARN_BOOL_CONVERSION = YES;
				CLANG_WARN_CONSTANT_CONVERSION = YES;
				CLANG_WARN_DIRECT_OBJC_ISA_USAGE = YES_ERROR;
				CLANG_WARN_DOCUMENTATION_COMMENTS = YES;
				CLANG_WARN_EMPTY_BODY = YES;
				CLANG_WARN_ENUM_CONVERSION = YES;
				CLANG_WARN_INFINITE_RECURSION = YES;
				CLANG_WARN_INT_CONVERSION = YES;
				CLANG_WARN_OBJC_ROOT_CLASS = YES_ERROR;
				CLANG_WARN_SUSPICIOUS_MOVE = YES;
				CLANG_WARN_UNREACHABLE_CODE = YES;
				CLANG_WARN__DUPLICATE_METHOD_MATCH = YES;
				"CODE_SIGN_IDENTITY[sdk=iphoneos*]" = "iPhone Developer";
				COPY_PHASE_STRIP = NO;
				DEBUG_INFORMATION_FORMAT = dwarf;
				ENABLE_STRICT_OBJC_MSGSEND = YES;
				ENABLE_TESTABILITY = YES;
				GCC_C_LANGUAGE_STANDARD = gnu99;
				GCC_DYNAMIC_NO_PIC = NO;
				GCC_NO_COMMON_BLOCKS = YES;
				GCC_OPTIMIZATION_LEVEL = 0;
				GCC_PREPROCESSOR_DEFINITIONS = (
					"DEBUG=1",
					"$(inherited)",
				);
				GCC_WARN_64_TO_32_BIT_CONVERSION = YES;
				GCC_WARN_ABOUT_RETURN_TYPE = YES_ERROR;
				GCC_WARN_UNDECLARED_SELECTOR = YES;
				GCC_WARN_UNINITIALIZED_AUTOS = YES_AGGRESSIVE;
				GCC_WARN_UNUSED_FUNCTION = YES;
				GCC_WARN_UNUSED_VARIABLE = YES;
				IPHONEOS_DEPLOYMENT_TARGET = 10.3;
				MTL_ENABLE_DEBUG_INFO = YES;
				ONLY_ACTIVE_ARCH = YES;
				SDKROOT = iphoneos;
				SWIFT_ACTIVE_COMPILATION_CONDITIONS = DEBUG;
				SWIFT_OPTIMIZATION_LEVEL = "-Onone";
				TARGETED_DEVICE_FAMILY = "1,2";
			};
			name = Debug;
		};
		65FC9B681F58612000ABB9AC /* Release */ = {
			isa = XCBuildConfiguration;
			buildSettings = {
				ALWAYS_SEARCH_USER_PATHS = NO;
				CLANG_ANALYZER_NONNULL = YES;
				CLANG_ANALYZER_NUMBER_OBJECT_CONVERSION = YES_AGGRESSIVE;
				CLANG_CXX_LANGUAGE_STANDARD = "gnu++0x";
				CLANG_CXX_LIBRARY = "libc++";
				CLANG_ENABLE_MODULES = YES;
				CLANG_ENABLE_OBJC_ARC = YES;
				CLANG_WARN_BOOL_CONVERSION = YES;
				CLANG_WARN_CONSTANT_CONVERSION = YES;
				CLANG_WARN_DIRECT_OBJC_ISA_USAGE = YES_ERROR;
				CLANG_WARN_DOCUMENTATION_COMMENTS = YES;
				CLANG_WARN_EMPTY_BODY = YES;
				CLANG_WARN_ENUM_CONVERSION = YES;
				CLANG_WARN_INFINITE_RECURSION = YES;
				CLANG_WARN_INT_CONVERSION = YES;
				CLANG_WARN_OBJC_ROOT_CLASS = YES_ERROR;
				CLANG_WARN_SUSPICIOUS_MOVE = YES;
				CLANG_WARN_UNREACHABLE_CODE = YES;
				CLANG_WARN__DUPLICATE_METHOD_MATCH = YES;
				"CODE_SIGN_IDENTITY[sdk=iphoneos*]" = "iPhone Developer";
				COPY_PHASE_STRIP = NO;
				DEBUG_INFORMATION_FORMAT = "dwarf-with-dsym";
				ENABLE_NS_ASSERTIONS = NO;
				ENABLE_STRICT_OBJC_MSGSEND = YES;
				GCC_C_LANGUAGE_STANDARD = gnu99;
				GCC_NO_COMMON_BLOCKS = YES;
				GCC_WARN_64_TO_32_BIT_CONVERSION = YES;
				GCC_WARN_ABOUT_RETURN_TYPE = YES_ERROR;
				GCC_WARN_UNDECLARED_SELECTOR = YES;
				GCC_WARN_UNINITIALIZED_AUTOS = YES_AGGRESSIVE;
				GCC_WARN_UNUSED_FUNCTION = YES;
				GCC_WARN_UNUSED_VARIABLE = YES;
				IPHONEOS_DEPLOYMENT_TARGET = 10.3;
				MTL_ENABLE_DEBUG_INFO = NO;
				SDKROOT = iphoneos;
				SWIFT_OPTIMIZATION_LEVEL = "-Owholemodule";
				TARGETED_DEVICE_FAMILY = "1,2";
				VALIDATE_PRODUCT = YES;
			};
			name = Release;
		};
		65FC9B6A1F58612000ABB9AC /* Debug */ = {
			isa = XCBuildConfiguration;
			buildSettings = {
				ASSETCATALOG_COMPILER_APPICON_NAME = AppIcon;
				DEVELOPMENT_TEAM = 2T3457P6TK;
				INFOPLIST_FILE = "Colour Trek/Info.plist";
				LD_RUNPATH_SEARCH_PATHS = "$(inherited) @executable_path/Frameworks";
				PRODUCT_BUNDLE_IDENTIFIER = "co.rogue-studios.Colour-Trek";
				PRODUCT_NAME = "$(TARGET_NAME)";
				SWIFT_VERSION = 3.0;
			};
			name = Debug;
		};
		65FC9B6B1F58612000ABB9AC /* Release */ = {
			isa = XCBuildConfiguration;
			buildSettings = {
				ASSETCATALOG_COMPILER_APPICON_NAME = AppIcon;
				DEVELOPMENT_TEAM = 2T3457P6TK;
				INFOPLIST_FILE = "Colour Trek/Info.plist";
				LD_RUNPATH_SEARCH_PATHS = "$(inherited) @executable_path/Frameworks";
				PRODUCT_BUNDLE_IDENTIFIER = "co.rogue-studios.Colour-Trek";
				PRODUCT_NAME = "$(TARGET_NAME)";
				SWIFT_VERSION = 3.0;
			};
			name = Release;
		};
/* End XCBuildConfiguration section */

/* Begin XCConfigurationList section */
		65FC9B4C1F58612000ABB9AC /* Build configuration list for PBXProject "Colour Trek" */ = {
			isa = XCConfigurationList;
			buildConfigurations = (
				65FC9B671F58612000ABB9AC /* Debug */,
				65FC9B681F58612000ABB9AC /* Release */,
			);
			defaultConfigurationIsVisible = 0;
			defaultConfigurationName = Release;
		};
		65FC9B691F58612000ABB9AC /* Build configuration list for PBXNativeTarget "Colour Trek" */ = {
			isa = XCConfigurationList;
			buildConfigurations = (
				65FC9B6A1F58612000ABB9AC /* Debug */,
				65FC9B6B1F58612000ABB9AC /* Release */,
			);
			defaultConfigurationIsVisible = 0;
			defaultConfigurationName = Release;
		};
/* End XCConfigurationList section */
	};
	rootObject = 65FC9B491F58612000ABB9AC /* Project object */;
}
